
Microsoft Visual Studio Solution File, Format Version 12.00
# Visual Studio 15
VisualStudioVersion = 15.0.26228.9
MinimumVisualStudioVersion = 10.0.40219.1
Project("{FAE04EC0-301F-11D3-BF4B-00C04F79EFBC}") = "TVTableau", "TVTableau\TVTableau.csproj", "{8C821B41-15FC-4D21-859F-25A5412D1433}"
EndProject
Global
	GlobalSection(SolutionConfigurationPlatforms) = preSolution
		Debug|Any CPU = Debug|Any CPU
		Release|Any CPU = Release|Any CPU
	EndGlobalSection
	GlobalSection(ProjectConfigurationPlatforms) = postSolution
		{8C821B41-15FC-4D21-859F-25A5412D1433}.Debug|Any CPU.ActiveCfg = Debug|Any CPU
		{8C821B41-15FC-4D21-859F-25A5412D1433}.Debug|Any CPU.Build.0 = Debug|Any CPU
		{8C821B41-15FC-4D21-859F-25A5412D1433}.Release|Any CPU.ActiveCfg = Release|Any CPU
		{8C821B41-15FC-4D21-859F-25A5412D1433}.Release|Any CPU.Build.0 = Release|Any CPU
	EndGlobalSection
	GlobalSection(SolutionProperties) = preSolution
		HideSolutionNode = FALSE
	EndGlobalSection
EndGlobal
